{
  "nodes": {
    "libertai-models": {
      "flake": false,
      "locked": {
        "lastModified": 1791288319,
        "narHash": "sha256-bpBWHMhxxKDKfB0Vfz37mNlm6t4pbgOAOyhvBI1o4xo=",
        "owner": "Libertai",
        "repo": "libertai-models",
        "rev": "74dc2b46091604a27cd7b31fe26d6a49a7cbf078",
        "type": "github"
      },
      "original": {
        "owner": "Libertai",
        "repo": "libertai-models",
        "type": "github"
      }
    },
    "nixpkgs": {
      "locked": {
        "lastModified": 1788316716,
        "narHash": "sha256-bc7rSpXIdn9QWGNqfWcPZWOhEVF8NoeAZkWq0XWnf/k=",
        "owner": "NixOS",
        "repo": "nixpkgs",
        "rev": "3ed67ec0a4d3c7ab4ae1f04f8ee8df07bfa506a2",
        "type": "github"
      },
      "original": {
        "owner": "NixOS",
        "ref": "nixos-unstable",
        "repo": "nixpkgs",
        "type": "github"
      }
    },
    "root": {
      "inputs": {
        "libertai-models": "libertai-models",
        "nixpkgs": "nixpkgs"
      }
    }
  },
  "root": "root",
  "version": 7
}
